
Microsoft Visual Studio Solution File, Format Version 12.00
# Visual Studio 2013
VisualStudioVersion = 12.0.21005.1
MinimumVisualStudioVersion = 10.0.40219.1
Project("{FAE04EC0-301F-11D3-BF4B-00C04F79EFBC}") = "MusicStore", "MusicStore\MusicStore.csproj", "{879F2DAF-B314-4290-9EB0-164BCE775411}"
EndProject
Project("{FAE04EC0-301F-11D3-BF4B-00C04F79EFBC}") = "MusicStore.Tests", "MusicStore.Tests\MusicStore.Tests.csproj", "{3C755472-E0AC-4E84-8582-11F8E085A8C3}"
EndProject
Global
	GlobalSection(TeamFoundationVersionControl) = preSolution
		SccNumberOfProjects = 3
		SccEnterpriseProvider = {4CA58AB2-18FA-4F8D-95D4-32DDF27D184C}
		SccTeamFoundationServer = https://atulbv.visualstudio.com/defaultcollection
		SccLocalPath0 = .
		SccProjectUniqueName1 = MusicStore.Tests\\MusicStore.Tests.csproj
		SccProjectName1 = MusicStore.Tests
		SccLocalPath1 = MusicStore.Tests
		SccProjectUniqueName2 = MusicStore\\MusicStore.csproj
		SccProjectName2 = MusicStore
		SccLocalPath2 = MusicStore
	EndGlobalSection
	GlobalSection(SolutionConfigurationPlatforms) = preSolution
		Debug|Any CPU = Debug|Any CPU
		Release|Any CPU = Release|Any CPU
	EndGlobalSection
	GlobalSection(ProjectConfigurationPlatforms) = postSolution
		{879F2DAF-B314-4290-9EB0-164BCE775411}.Debug|Any CPU.ActiveCfg = Debug|Any CPU
		{879F2DAF-B314-4290-9EB0-164BCE775411}.Debug|Any CPU.Build.0 = Debug|Any CPU
		{879F2DAF-B314-4290-9EB0-164BCE775411}.Release|Any CPU.ActiveCfg = Release|Any CPU
		{879F2DAF-B314-4290-9EB0-164BCE775411}.Release|Any CPU.Build.0 = Release|Any CPU
		{3C755472-E0AC-4E84-8582-11F8E085A8C3}.Debug|Any CPU.ActiveCfg = Debug|Any CPU
		{3C755472-E0AC-4E84-8582-11F8E085A8C3}.Debug|Any CPU.Build.0 = Debug|Any CPU
		{3C755472-E0AC-4E84-8582-11F8E085A8C3}.Release|Any CPU.ActiveCfg = Release|Any CPU
		{3C755472-E0AC-4E84-8582-11F8E085A8C3}.Release|Any CPU.Build.0 = Release|Any CPU
	EndGlobalSection
	GlobalSection(SolutionProperties) = preSolution
		HideSolutionNode = FALSE
	EndGlobalSection
EndGlobal
